
Microsoft Visual Studio Solution File, Format Version 12.00
# Visual Studio Version 17
VisualStudioVersion = 17.3.32825.248
MinimumVisualStudioVersion = 10.0.40219.1
Project("{9A19103F-16F7-4668-BE54-9A1E7A4F7556}") = "GMB.Sdk.Core", "GMB.Sdk.Core\GMB.Sdk.Core.csproj", "{6D1168DA-59DF-41AF-A126-AC578F297256}"
EndProject
Project("{9A19103F-16F7-4668-BE54-9A1E7A4F7556}") = "GMB.Url.Api", "GMB.Url.Agent\GMB.Url.Api.csproj", "{55262794-07E8-420D-BAE9-52B44157A505}"
EndProject
Project("{9A19103F-16F7-4668-BE54-9A1E7A4F7556}") = "GMB.Tests", "GMB.Tests\GMB.Tests.csproj", "{B57BBAAF-7F69-469C-AC3A-42E6082BC100}"
EndProject
Project("{9A19103F-16F7-4668-BE54-9A1E7A4F7556}") = "GMB.Business.Api", "GMB.BusinessProfile.Agent\GMB.Business.Api.csproj", "{1503A1D7-A5DC-49C2-B2DB-F9A49D3DBA5A}"
EndProject
Global
	GlobalSection(SolutionConfigurationPlatforms) = preSolution
		Debug|Any CPU = Debug|Any CPU
		Release|Any CPU = Release|Any CPU
	EndGlobalSection
	GlobalSection(ProjectConfigurationPlatforms) = postSolution
		{6D1168DA-59DF-41AF-A126-AC578F297256}.Debug|Any CPU.ActiveCfg = Debug|Any CPU
		{6D1168DA-59DF-41AF-A126-AC578F297256}.Debug|Any CPU.Build.0 = Debug|Any CPU
		{6D1168DA-59DF-41AF-A126-AC578F297256}.Release|Any CPU.ActiveCfg = Release|Any CPU
		{6D1168DA-59DF-41AF-A126-AC578F297256}.Release|Any CPU.Build.0 = Release|Any CPU
		{55262794-07E8-420D-BAE9-52B44157A505}.Debug|Any CPU.ActiveCfg = Debug|Any CPU
		{55262794-07E8-420D-BAE9-52B44157A505}.Debug|Any CPU.Build.0 = Debug|Any CPU
		{55262794-07E8-420D-BAE9-52B44157A505}.Release|Any CPU.ActiveCfg = Release|Any CPU
		{55262794-07E8-420D-BAE9-52B44157A505}.Release|Any CPU.Build.0 = Release|Any CPU
		{B57BBAAF-7F69-469C-AC3A-42E6082BC100}.Debug|Any CPU.ActiveCfg = Debug|Any CPU
		{B57BBAAF-7F69-469C-AC3A-42E6082BC100}.Debug|Any CPU.Build.0 = Debug|Any CPU
		{B57BBAAF-7F69-469C-AC3A-42E6082BC100}.Release|Any CPU.ActiveCfg = Release|Any CPU
		{B57BBAAF-7F69-469C-AC3A-42E6082BC100}.Release|Any CPU.Build.0 = Release|Any CPU
		{1503A1D7-A5DC-49C2-B2DB-F9A49D3DBA5A}.Debug|Any CPU.ActiveCfg = Debug|Any CPU
		{1503A1D7-A5DC-49C2-B2DB-F9A49D3DBA5A}.Debug|Any CPU.Build.0 = Debug|Any CPU
		{1503A1D7-A5DC-49C2-B2DB-F9A49D3DBA5A}.Release|Any CPU.ActiveCfg = Release|Any CPU
		{1503A1D7-A5DC-49C2-B2DB-F9A49D3DBA5A}.Release|Any CPU.Build.0 = Release|Any CPU
	EndGlobalSection
	GlobalSection(SolutionProperties) = preSolution
		HideSolutionNode = FALSE
	EndGlobalSection
	GlobalSection(ExtensibilityGlobals) = postSolution
		SolutionGuid = {33BC7437-7ADD-4634-91A7-7A1230BE33BB}
	EndGlobalSection
EndGlobal
